PODS:
  - Flutter (1.0.0)
  - iOSMcuManagerLibrary (1.10.1):
    - SwiftCBOR (= 0.4.7)
    - ZIPFoundation (= 0.9.19)
  - mcumgr_flutter (0.7.0):
    - Flutter
    - iOSMcuManagerLibrary (= 1.10.1)
    - SwiftProtobuf
  - SwiftCBOR (0.4.7)
  - SwiftProtobuf (1.31.1)
  - ZIPFoundation (0.9.19)

DEPENDENCIES:
  - Flutter (from `Flutter`)
  - mcumgr_flutter (from `.symlinks/plugins/mcumgr_flutter/ios`)

SPEC REPOS:
  trunk:
    - iOSMcuManagerLibrary
    - SwiftCBOR
    - SwiftProtobuf
    - ZIPFoundation

EXTERNAL SOURCES:
  Flutter:
    :path: Flutter
  mcumgr_flutter:
    :path: ".symlinks/plugins/mcumgr_flutter/ios"

SPEC CHECKSUMS:
  Flutter: cabc95a1d2626b1b06e7179b784ebcf0c0cde467
  iOSMcuManagerLibrary: e9555825af11a61744fe369c12e1e66621061b58
  mcumgr_flutter: 05750e517a2fb07d7be582b45d5b41535f0cec7f
  SwiftCBOR: 465775bed0e8bac7bfb8160bcf7b95d7f75971e4
  SwiftProtobuf: e02f51c8c2df5845657aee2d4de9d61bf50ef788
  ZIPFoundation: b8c29ea7ae353b309bc810586181fd073cb3312c

PODFILE CHECKSUM: cc1f88378b4bfcf93a6ce00d2c587857c6008d3b

COCOAPODS: 1.16.2
